
Microsoft Visual Studio Solution File, Format Version 12.00
# Visual Studio Version 17
VisualStudioVersion = 17.3.32929.385
MinimumVisualStudioVersion = 10.0.40219.1
Project("{FAE04EC0-301F-11D3-BF4B-00C04F79EFBC}") = "Bank", "Bank\Bank.csproj", "{78E19708-AB52-44A3-BF17-786E07404056}"
EndProject
Global
	GlobalSection(SolutionConfigurationPlatforms) = preSolution
		Debug|Any CPU = Debug|Any CPU
		Release|Any CPU = Release|Any CPU
	EndGlobalSection
	GlobalSection(ProjectConfigurationPlatforms) = postSolution
		{78E19708-AB52-44A3-BF17-786E07404056}.Debug|Any CPU.ActiveCfg = Debug|Any CPU
		{78E19708-AB52-44A3-BF17-786E07404056}.Debug|Any CPU.Build.0 = Debug|Any CPU
		{78E19708-AB52-44A3-BF17-786E07404056}.Release|Any CPU.ActiveCfg = Release|Any CPU
		{78E19708-AB52-44A3-BF17-786E07404056}.Release|Any CPU.Build.0 = Release|Any CPU
	EndGlobalSection
	GlobalSection(SolutionProperties) = preSolution
		HideSolutionNode = FALSE
	EndGlobalSection
	GlobalSection(ExtensibilityGlobals) = postSolution
		SolutionGuid = {3F7E8588-02A2-45E5-88EB-F1BAE9EF0D4E}
	EndGlobalSection
EndGlobal
